// !$*UTF8*$!
{
	archiveVersion = 1;
	classes = {
	};
	objectVersion = 55;
	objects = {

/* Begin PBXBuildFile section */
		578ED49E27510A4900CB2763 /* bridgeApp.swift in Sources */ = {isa = PBXBuildFile; fileRef = 578ED49D27510A4900CB2763 /* bridgeApp.swift */; };
		578ED4A227510A4A00CB2763 /* Assets.xcassets in Resources */ = {isa = PBXBuildFile; fileRef = 578ED4A127510A4A00CB2763 /* Assets.xcassets */; };
		578ED4A527510A4A00CB2763 /* Preview Assets.xcassets in Resources */ = {isa = PBXBuildFile; fileRef = 578ED4A427510A4A00CB2763 /* Preview Assets.xcassets */; };
		578ED4AF27510A4A00CB2763 /* testTests.swift in Sources */ = {isa = PBXBuildFile; fileRef = 578ED4AE27510A4A00CB2763 /* testTests.swift */; };
		578ED4B927510A4A00CB2763 /* testUITests.swift in Sources */ = {isa = PBXBuildFile; fileRef = 578ED4B827510A4A00CB2763 /* testUITests.swift */; };
		578ED4BB27510A4A00CB2763 /* testUITestsLaunchTests.swift in Sources */ = {isa = PBXBuildFile; fileRef = 578ED4BA27510A4A00CB2763 /* testUITestsLaunchTests.swift */; };
		578ED4CC27510CA200CB2763 /* WebViewController.swift in Sources */ = {isa = PBXBuildFile; fileRef = 578ED4CB27510CA200CB2763 /* WebViewController.swift */; };
		57A15B4A275DAA7400406BB9 /* www in Resources */ = {isa = PBXBuildFile; fileRef = 57A15B49275DAA7400406BB9 /* www */; };
		57A15B532760469B00406BB9 /* WDBSetWebSecurityEnabled.m in Sources */ = {isa = PBXBuildFile; fileRef = 57A15B522760469B00406BB9 /* WDBSetWebSecurityEnabled.m */; };
/* End PBXBuildFile section */

/* Begin PBXContainerItemProxy section */
		578ED4AB27510A4A00CB2763 /* PBXContainerItemProxy */ = {
			isa = PBXContainerItemProxy;
			containerPortal = 578ED49227510A4900CB2763 /* Project object */;
			proxyType = 1;
			remoteGlobalIDString = 578ED49927510A4900CB2763;
			remoteInfo = test;
		};
		578ED4B527510A4A00CB2763 /* PBXContainerItemProxy */ = {
			isa = PBXContainerItemProxy;
			containerPortal = 578ED49227510A4900CB2763 /* Project object */;
			proxyType = 1;
			remoteGlobalIDString = 578ED49927510A4900CB2763;
			remoteInfo = test;
		};
/* End PBXContainerItemProxy section */

/* Begin PBXFileReference section */
		578ED49A27510A4900CB2763 /* Webview Bridge.app */ = {isa = PBXFileReference; explicitFileType = wrapper.application; includeInIndex = 0; path = "Webview Bridge.app"; sourceTree = BUILT_PRODUCTS_DIR; };
		578ED49D27510A4900CB2763 /* bridgeApp.swift */ = {isa = PBXFileReference; lastKnownFileType = sourcecode.swift; path = bridgeApp.swift; sourceTree = "<group>"; };
		578ED4A127510A4A00CB2763 /* Assets.xcassets */ = {isa = PBXFileReference; lastKnownFileType = folder.assetcatalog; path = Assets.xcassets; sourceTree = "<group>"; };
		578ED4A427510A4A00CB2763 /* Preview Assets.xcassets */ = {isa = PBXFileReference; lastKnownFileType = folder.assetcatalog; path = "Preview Assets.xcassets"; sourceTree = "<group>"; };
		578ED4AA27510A4A00CB2763 /* BridgeTests.xctest */ = {isa = PBXFileReference; explicitFileType = wrapper.cfbundle; includeInIndex = 0; path = BridgeTests.xctest; sourceTree = BUILT_PRODUCTS_DIR; };
		578ED4AE27510A4A00CB2763 /* testTests.swift */ = {isa = PBXFileReference; lastKnownFileType = sourcecode.swift; path = testTests.swift; sourceTree = "<group>"; };
		578ED4B427510A4A00CB2763 /* BridgeUITests.xctest */ = {isa = PBXFileReference; explicitFileType = wrapper.cfbundle; includeInIndex = 0; path = BridgeUITests.xctest; sourceTree = BUILT_PRODUCTS_DIR; };
		578ED4B827510A4A00CB2763 /* testUITests.swift */ = {isa = PBXFileReference; lastKnownFileType = sourcecode.swift; path = testUITests.swift; sourceTree = "<group>"; };
		578ED4BA27510A4A00CB2763 /* testUITestsLaunchTests.swift */ = {isa = PBXFileReference; lastKnownFileType = sourcecode.swift; path = testUITestsLaunchTests.swift; sourceTree = "<group>"; };
		578ED4CB27510CA200CB2763 /* WebViewController.swift */ = {isa = PBXFileReference; lastKnownFileType = sourcecode.swift; path = WebViewController.swift; sourceTree = "<group>"; };
		57A15B49275DAA7400406BB9 /* www */ = {isa = PBXFileReference; fileEncoding = 4; lastKnownFileType = text; path = www; sourceTree = SOURCE_ROOT; };
		57A15B4F275FB76D00406BB9 /* Info.plist */ = {isa = PBXFileReference; lastKnownFileType = text.plist; name = Info.plist; path = Bridge/Info.plist; sourceTree = "<group>"; };
		57A15B512760469A00406BB9 /* Bridge-Bridging-Header.h */ = {isa = PBXFileReference; lastKnownFileType = sourcecode.c.h; path = "Bridge-Bridging-Header.h"; sourceTree = "<group>"; };
		57A15B522760469B00406BB9 /* WDBSetWebSecurityEnabled.m */ = {isa = PBXFileReference; lastKnownFileType = sourcecode.c.objc; path = WDBSetWebSecurityEnabled.m; sourceTree = "<group>"; };
		57A15B60276074EC00406BB9 /* WDBSetWebSecurityEnabled.h */ = {isa = PBXFileReference; lastKnownFileType = sourcecode.c.h; path = WDBSetWebSecurityEnabled.h; sourceTree = "<group>"; };
/* End PBXFileReference section */

/* Begin PBXFrameworksBuildPhase section */
		578ED49727510A4900CB2763 /* Frameworks */ = {
			isa = PBXFrameworksBuildPhase;
			buildActionMask = 2147483647;
			files = (
			);
			runOnlyForDeploymentPostprocessing = 0;
		};
		578ED4A727510A4A00CB2763 /* Frameworks */ = {
			isa = PBXFrameworksBuildPhase;
			buildActionMask = 2147483647;
			files = (
			);
			runOnlyForDeploymentPostprocessing = 0;
		};
		578ED4B127510A4A00CB2763 /* Frameworks */ = {
			isa = PBXFrameworksBuildPhase;
			buildActionMask = 2147483647;
			files = (
			);
			runOnlyForDeploymentPostprocessing = 0;
		};
/* End PBXFrameworksBuildPhase section */

/* Begin PBXGroup section */
		578ED49127510A4900CB2763 = {
			isa = PBXGroup;
			children = (
				57A15B4F275FB76D00406BB9 /* Info.plist */,
				578ED49C27510A4900CB2763 /* bridge */,
				578ED4AD27510A4A00CB2763 /* bridgeTests */,
				578ED4B727510A4A00CB2763 /* bridgeUITest */,
				578ED49B27510A4900CB2763 /* Products */,
			);
			sourceTree = "<group>";
		};
		578ED49B27510A4900CB2763 /* Products */ = {
			isa = PBXGroup;
			children = (
				578ED49A27510A4900CB2763 /* Webview Bridge.app */,
				578ED4AA27510A4A00CB2763 /* BridgeTests.xctest */,
				578ED4B427510A4A00CB2763 /* BridgeUITests.xctest */,
			);
			name = Products;
			sourceTree = "<group>";
		};
		578ED49C27510A4900CB2763 /* bridge */ = {
			isa = PBXGroup;
			children = (
				57A15B49275DAA7400406BB9 /* www */,
				578ED49D27510A4900CB2763 /* bridgeApp.swift */,
				578ED4A127510A4A00CB2763 /* Assets.xcassets */,
				578ED4A327510A4A00CB2763 /* Preview Content */,
				578ED4CB27510CA200CB2763 /* WebViewController.swift */,
				57A15B522760469B00406BB9 /* WDBSetWebSecurityEnabled.m */,
				57A15B60276074EC00406BB9 /* WDBSetWebSecurityEnabled.h */,
				57A15B512760469A00406BB9 /* Bridge-Bridging-Header.h */,
			);
			path = bridge;
			sourceTree = "<group>";
		};
		578ED4A327510A4A00CB2763 /* Preview Content */ = {
			isa = PBXGroup;
			children = (
				578ED4A427510A4A00CB2763 /* Preview Assets.xcassets */,
			);
			path = "Preview Content";
			sourceTree = "<group>";
		};
		578ED4AD27510A4A00CB2763 /* bridgeTests */ = {
			isa = PBXGroup;
			children = (
				578ED4AE27510A4A00CB2763 /* testTests.swift */,
			);
			path = bridgeTests;
			sourceTree = "<group>";
		};
		578ED4B727510A4A00CB2763 /* bridgeUITest */ = {
			isa = PBXGroup;
			children = (
				578ED4B827510A4A00CB2763 /* testUITests.swift */,
				578ED4BA27510A4A00CB2763 /* testUITestsLaunchTests.swift */,
			);
			path = bridgeUITest;
			sourceTree = "<group>";
		};
/* End PBXGroup section */

/* Begin PBXNativeTarget section */
		578ED49927510A4900CB2763 /* Bridge */ = {
			isa = PBXNativeTarget;
			buildConfigurationList = 578ED4BE27510A4A00CB2763 /* Build configuration list for PBXNativeTarget "Bridge" */;
			buildPhases = (
				578ED49627510A4900CB2763 /* Sources */,
				578ED49727510A4900CB2763 /* Frameworks */,
				578ED49827510A4900CB2763 /* Resources */,
			);
			buildRules = (
			);
			dependencies = (
			);
			name = Bridge;
			productName = test;
			productReference = 578ED49A27510A4900CB2763 /* Webview Bridge.app */;
			productType = "com.apple.product-type.application";
		};
		578ED4A927510A4A00CB2763 /* BridgeTests */ = {
			isa = PBXNativeTarget;
			buildConfigurationList = 578ED4C127510A4A00CB2763 /* Build configuration list for PBXNativeTarget "BridgeTests" */;
			buildPhases = (
				578ED4A627510A4A00CB2763 /* Sources */,
				578ED4A727510A4A00CB2763 /* Frameworks */,
				578ED4A827510A4A00CB2763 /* Resources */,
			);
			buildRules = (
			);
			dependencies = (
				578ED4AC27510A4A00CB2763 /* PBXTargetDependency */,
			);
			name = BridgeTests;
			productName = testTests;
			productReference = 578ED4AA27510A4A00CB2763 /* BridgeTests.xctest */;
			productType = "com.apple.product-type.bundle.unit-test";
		};
		578ED4B327510A4A00CB2763 /* BridgeUITests */ = {
			isa = PBXNativeTarget;
			buildConfigurationList = 578ED4C427510A4A00CB2763 /* Build configuration list for PBXNativeTarget "BridgeUITests" */;
			buildPhases = (
				578ED4B027510A4A00CB2763 /* Sources */,
				578ED4B127510A4A00CB2763 /* Frameworks */,
				578ED4B227510A4A00CB2763 /* Resources */,
			);
			buildRules = (
			);
			dependencies = (
				578ED4B627510A4A00CB2763 /* PBXTargetDependency */,
			);
			name = BridgeUITests;
			productName = testUITests;
			productReference = 578ED4B427510A4A00CB2763 /* BridgeUITests.xctest */;
			productType = "com.apple.product-type.bundle.ui-testing";
		};
/* End PBXNativeTarget section */

/* Begin PBXProject section */
		578ED49227510A4900CB2763 /* Project object */ = {
			isa = PBXProject;
			attributes = {
				BuildIndependentTargetsInParallel = 1;
				LastSwiftUpdateCheck = 1310;
				LastUpgradeCheck = 1310;
				TargetAttributes = {
					578ED49927510A4900CB2763 = {
						CreatedOnToolsVersion = 13.1;
						LastSwiftMigration = 1310;
					};
					578ED4A927510A4A00CB2763 = {
						CreatedOnToolsVersion = 13.1;
						TestTargetID = 578ED49927510A4900CB2763;
					};
					578ED4B327510A4A00CB2763 = {
						CreatedOnToolsVersion = 13.1;
						TestTargetID = 578ED49927510A4900CB2763;
					};
				};
			};
			buildConfigurationList = 578ED49527510A4900CB2763 /* Build configuration list for PBXProject "Bridge" */;
			compatibilityVersion = "Xcode 13.0";
			developmentRegion = en;
			hasScannedForEncodings = 0;
			knownRegions = (
				en,
				Base,
			);
			mainGroup = 578ED49127510A4900CB2763;
			productRefGroup = 578ED49B27510A4900CB2763 /* Products */;
			projectDirPath = "";
			projectRoot = "";
			targets = (
				578ED49927510A4900CB2763 /* Bridge */,
				578ED4A927510A4A00CB2763 /* BridgeTests */,
				578ED4B327510A4A00CB2763 /* BridgeUITests */,
			);
		};
/* End PBXProject section */

/* Begin PBXResourcesBuildPhase section */
		578ED49827510A4900CB2763 /* Resources */ = {
			isa = PBXResourcesBuildPhase;
			buildActionMask = 2147483647;
			files = (
				57A15B4A275DAA7400406BB9 /* www in Resources */,
				578ED4A527510A4A00CB2763 /* Preview Assets.xcassets in Resources */,
				578ED4A227510A4A00CB2763 /* Assets.xcassets in Resources */,
			);
			runOnlyForDeploymentPostprocessing = 0;
		};
		578ED4A827510A4A00CB2763 /* Resources */ = {
			isa = PBXResourcesBuildPhase;
			buildActionMask = 2147483647;
			files = (
			);
			runOnlyForDeploymentPostprocessing = 0;
		};
		578ED4B227510A4A00CB2763 /* Resources */ = {
			isa = PBXResourcesBuildPhase;
			buildActionMask = 2147483647;
			files = (
			);
			runOnlyForDeploymentPostprocessing = 0;
		};
/* End PBXResourcesBuildPhase section */

/* Begin PBXSourcesBuildPhase section */
		578ED49627510A4900CB2763 /* Sources */ = {
			isa = PBXSourcesBuildPhase;
			buildActionMask = 2147483647;
			files = (
				578ED49E27510A4900CB2763 /* bridgeApp.swift in Sources */,
				578ED4CC27510CA200CB2763 /* WebViewController.swift in Sources */,
				57A15B532760469B00406BB9 /* WDBSetWebSecurityEnabled.m in Sources */,
			);
			runOnlyForDeploymentPostprocessing = 0;
		};
		578ED4A627510A4A00CB2763 /* Sources */ = {
			isa = PBXSourcesBuildPhase;
			buildActionMask = 2147483647;
			files = (
				578ED4AF27510A4A00CB2763 /* testTests.swift in Sources */,
			);
			runOnlyForDeploymentPostprocessing = 0;
		};
		578ED4B027510A4A00CB2763 /* Sources */ = {
			isa = PBXSourcesBuildPhase;
			buildActionMask = 2147483647;
			files = (
				578ED4BB27510A4A00CB2763 /* testUITestsLaunchTests.swift in Sources */,
				578ED4B927510A4A00CB2763 /* testUITests.swift in Sources */,
			);
			runOnlyForDeploymentPostprocessing = 0;
		};
/* End PBXSourcesBuildPhase section */

/* Begin PBXTargetDependency section */
		578ED4AC27510A4A00CB2763 /* PBXTargetDependency */ = {
			isa = PBXTargetDependency;
			target = 578ED49927510A4900CB2763 /* Bridge */;
			targetProxy = 578ED4AB27510A4A00CB2763 /* PBXContainerItemProxy */;
		};
		578ED4B627510A4A00CB2763 /* PBXTargetDependency */ = {
			isa = PBXTargetDependency;
			target = 578ED49927510A4900CB2763 /* Bridge */;
			targetProxy = 578ED4B527510A4A00CB2763 /* PBXContainerItemProxy */;
		};
/* End PBXTargetDependency section */

/* Begin XCBuildConfiguration section */
		578ED4BC27510A4A00CB2763 /* Debug */ = {
			isa = XCBuildConfiguration;
			buildSettings = {
				ALWAYS_SEARCH_USER_PATHS = NO;
				CLANG_ANALYZER_NONNULL = YES;
				CLANG_ANALYZER_NUMBER_OBJECT_CONVERSION = YES_AGGRESSIVE;
				CLANG_CXX_LANGUAGE_STANDARD = "gnu++17";
				CLANG_CXX_LIBRARY = "libc++";
				CLANG_ENABLE_MODULES = YES;
				CLANG_ENABLE_OBJC_ARC = YES;
				CLANG_ENABLE_OBJC_WEAK = YES;
				CLANG_WARN_BLOCK_CAPTURE_AUTORELEASING = YES;
				CLANG_WARN_BOOL_CONVERSION = YES;
				CLANG_WARN_COMMA = YES;
				CLANG_WARN_CONSTANT_CONVERSION = YES;
				CLANG_WARN_DEPRECATED_OBJC_IMPLEMENTATIONS = YES;
				CLANG_WARN_DIRECT_OBJC_ISA_USAGE = YES_ERROR;
				CLANG_WARN_DOCUMENTATION_COMMENTS = YES;
				CLANG_WARN_EMPTY_BODY = YES;
				CLANG_WARN_ENUM_CONVERSION = YES;
				CLANG_WARN_INFINITE_RECURSION = YES;
				CLANG_WARN_INT_CONVERSION = YES;
				CLANG_WARN_NON_LITERAL_NULL_CONVERSION = YES;
				CLANG_WARN_OBJC_IMPLICIT_RETAIN_SELF = YES;
				CLANG_WARN_OBJC_LITERAL_CONVERSION = YES;
				CLANG_WARN_OBJC_ROOT_CLASS = YES_ERROR;
				CLANG_WARN_QUOTED_INCLUDE_IN_FRAMEWORK_HEADER = YES;
				CLANG_WARN_RANGE_LOOP_ANALYSIS = YES;
				CLANG_WARN_STRICT_PROTOTYPES = YES;
				CLANG_WARN_SUSPICIOUS_MOVE = YES;
				CLANG_WARN_UNGUARDED_AVAILABILITY = YES_AGGRESSIVE;
				CLANG_WARN_UNREACHABLE_CODE = YES;
				CLANG_WARN__DUPLICATE_METHOD_MATCH = YES;
				COPY_PHASE_STRIP = NO;
				DEBUG_INFORMATION_FORMAT = dwarf;
				ENABLE_STRICT_OBJC_MSGSEND = YES;
				ENABLE_TESTABILITY = YES;
				GCC_C_LANGUAGE_STANDARD = gnu11;
				GCC_DYNAMIC_NO_PIC = NO;
				GCC_NO_COMMON_BLOCKS = YES;
				GCC_OPTIMIZATION_LEVEL = 0;
				GCC_PREPROCESSOR_DEFINITIONS = (
					"DEBUG=1",
					"$(inherited)",
				);
				GCC_WARN_64_TO_32_BIT_CONVERSION = YES;
				GCC_WARN_ABOUT_RETURN_TYPE = YES_ERROR;
				GCC_WARN_UNDECLARED_SELECTOR = YES;
				GCC_WARN_UNINITIALIZED_AUTOS = YES_AGGRESSIVE;
				GCC_WARN_UNUSED_FUNCTION = YES;
				GCC_WARN_UNUSED_VARIABLE = YES;
				IPHONEOS_DEPLOYMENT_TARGET = 15.0;
				MTL_ENABLE_DEBUG_INFO = INCLUDE_SOURCE;
				MTL_FAST_MATH = YES;
				ONLY_ACTIVE_ARCH = YES;
				SDKROOT = iphoneos;
				SWIFT_ACTIVE_COMPILATION_CONDITIONS = DEBUG;
				SWIFT_OPTIMIZATION_LEVEL = "-Onone";
			};
			name = Debug;
		};
		578ED4BD27510A4A00CB2763 /* Release */ = {
			isa = XCBuildConfiguration;
			buildSettings = {
				ALWAYS_SEARCH_USER_PATHS = NO;
				CLANG_ANALYZER_NONNULL = YES;
				CLANG_ANALYZER_NUMBER_OBJECT_CONVERSION = YES_AGGRESSIVE;
				CLANG_CXX_LANGUAGE_STANDARD = "gnu++17";
				CLANG_CXX_LIBRARY = "libc++";
				CLANG_ENABLE_MODULES = YES;
				CLANG_ENABLE_OBJC_ARC = YES;
				CLANG_ENABLE_OBJC_WEAK = YES;
				CLANG_WARN_BLOCK_CAPTURE_AUTORELEASING = YES;
				CLANG_WARN_BOOL_CONVERSION = YES;
				CLANG_WARN_COMMA = YES;
				CLANG_WARN_CONSTANT_CONVERSION = YES;
				CLANG_WARN_DEPRECATED_OBJC_IMPLEMENTATIONS = YES;
				CLANG_WARN_DIRECT_OBJC_ISA_USAGE = YES_ERROR;
				CLANG_WARN_DOCUMENTATION_COMMENTS = YES;
				CLANG_WARN_EMPTY_BODY = YES;
				CLANG_WARN_ENUM_CONVERSION = YES;
				CLANG_WARN_INFINITE_RECURSION = YES;
				CLANG_WARN_INT_CONVERSION = YES;
				CLANG_WARN_NON_LITERAL_NULL_CONVERSION = YES;
				CLANG_WARN_OBJC_IMPLICIT_RETAIN_SELF = YES;
				CLANG_WARN_OBJC_LITERAL_CONVERSION = YES;
				CLANG_WARN_OBJC_ROOT_CLASS = YES_ERROR;
				CLANG_WARN_QUOTED_INCLUDE_IN_FRAMEWORK_HEADER = YES;
				CLANG_WARN_RANGE_LOOP_ANALYSIS = YES;
				CLANG_WARN_STRICT_PROTOTYPES = YES;
				CLANG_WARN_SUSPICIOUS_MOVE = YES;
				CLANG_WARN_UNGUARDED_AVAILABILITY = YES_AGGRESSIVE;
				CLANG_WARN_UNREACHABLE_CODE = YES;
				CLANG_WARN__DUPLICATE_METHOD_MATCH = YES;
				COPY_PHASE_STRIP = NO;
				DEBUG_INFORMATION_FORMAT = "dwarf-with-dsym";
				ENABLE_NS_ASSERTIONS = NO;
				ENABLE_STRICT_OBJC_MSGSEND = YES;
				GCC_C_LANGUAGE_STANDARD = gnu11;
				GCC_NO_COMMON_BLOCKS = YES;
				GCC_WARN_64_TO_32_BIT_CONVERSION = YES;
				GCC_WARN_ABOUT_RETURN_TYPE = YES_ERROR;
				GCC_WARN_UNDECLARED_SELECTOR = YES;
				GCC_WARN_UNINITIALIZED_AUTOS = YES_AGGRESSIVE;
				GCC_WARN_UNUSED_FUNCTION = YES;
				GCC_WARN_UNUSED_VARIABLE = YES;
				IPHONEOS_DEPLOYMENT_TARGET = 15.0;
				MTL_ENABLE_DEBUG_INFO = NO;
				MTL_FAST_MATH = YES;
				SDKROOT = iphoneos;
				SWIFT_COMPILATION_MODE = wholemodule;
				SWIFT_OPTIMIZATION_LEVEL = "-O";
				VALIDATE_PRODUCT = YES;
			};
			name = Release;
		};
		578ED4BF27510A4A00CB2763 /* Debug */ = {
			isa = XCBuildConfiguration;
			buildSettings = {
				ASSETCATALOG_COMPILER_APPICON_NAME = AppIcon;
				ASSETCATALOG_COMPILER_GLOBAL_ACCENT_COLOR_NAME = AccentColor;
				CLANG_ENABLE_MODULES = YES;
				CODE_SIGN_STYLE = Automatic;
				CURRENT_PROJECT_VERSION = 1;
				DEVELOPMENT_ASSET_PATHS = "bridge/Preview\\ Content/Preview\\ Assets.xcassets";
				DEVELOPMENT_TEAM = UP3JYR8WJA;
				ENABLE_PREVIEWS = YES;
				GENERATE_INFOPLIST_FILE = YES;
				INFOPLIST_FILE = Bridge/Info.plist;
				INFOPLIST_KEY_LSApplicationCategoryType = "";
				INFOPLIST_KEY_UIApplicationSceneManifest_Generation = YES;
				INFOPLIST_KEY_UIApplicationSupportsIndirectInputEvents = YES;
				INFOPLIST_KEY_UILaunchScreen_Generation = YES;
				INFOPLIST_KEY_UISupportedInterfaceOrientations_iPad = "UIInterfaceOrientationPortrait UIInterfaceOrientationPortraitUpsideDown UIInterfaceOrientationLandscapeLeft UIInterfaceOrientationLandscapeRight";
				INFOPLIST_KEY_UISupportedInterfaceOrientations_iPhone = "UIInterfaceOrientationPortrait UIInterfaceOrientationLandscapeLeft UIInterfaceOrientationLandscapeRight";
				IPHONEOS_DEPLOYMENT_TARGET = 14.0;
				LD_RUNPATH_SEARCH_PATHS = (
					"$(inherited)",
					"@executable_path/Frameworks",
				);
				MARKETING_VERSION = 1.0;
				PRODUCT_BUNDLE_IDENTIFIER = bridge.webview.khairulanshar.org;
				PRODUCT_NAME = "Webview Bridge";
				SWIFT_EMIT_LOC_STRINGS = YES;
				SWIFT_OBJC_BRIDGING_HEADER = "bridge/Bridge-Bridging-Header.h";
				SWIFT_OPTIMIZATION_LEVEL = "-Onone";
				SWIFT_VERSION = 5.0;
				TARGETED_DEVICE_FAMILY = 1;
			};
			name = Debug;
		};
		578ED4C027510A4A00CB2763 /* Release */ = {
			isa = XCBuildConfiguration;
			buildSettings = {
				ASSETCATALOG_COMPILER_APPICON_NAME = AppIcon;
				ASSETCATALOG_COMPILER_GLOBAL_ACCENT_COLOR_NAME = AccentColor;
				CLANG_ENABLE_MODULES = YES;
				CODE_SIGN_STYLE = Automatic;
				CURRENT_PROJECT_VERSION = 1;
				DEVELOPMENT_ASSET_PATHS = "bridge/Preview\\ Content/Preview\\ Assets.xcassets";
				DEVELOPMENT_TEAM = UP3JYR8WJA;
				ENABLE_PREVIEWS = YES;
				GENERATE_INFOPLIST_FILE = YES;
				INFOPLIST_FILE = Bridge/Info.plist;
				INFOPLIST_KEY_LSApplicationCategoryType = "";
				INFOPLIST_KEY_UIApplicationSceneManifest_Generation = YES;
				INFOPLIST_KEY_UIApplicationSupportsIndirectInputEvents = YES;
				INFOPLIST_KEY_UILaunchScreen_Generation = YES;
				INFOPLIST_KEY_UISupportedInterfaceOrientations_iPad = "UIInterfaceOrientationPortrait UIInterfaceOrientationPortraitUpsideDown UIInterfaceOrientationLandscapeLeft UIInterfaceOrientationLandscapeRight";
				INFOPLIST_KEY_UISupportedInterfaceOrientations_iPhone = "UIInterfaceOrientationPortrait UIInterfaceOrientationLandscapeLeft UIInterfaceOrientationLandscapeRight";
				IPHONEOS_DEPLOYMENT_TARGET = 14.0;
				LD_RUNPATH_SEARCH_PATHS = (
					"$(inherited)",
					"@executable_path/Frameworks",
				);
				MARKETING_VERSION = 1.0;
				PRODUCT_BUNDLE_IDENTIFIER = bridge.webview.khairulanshar.org;
				PRODUCT_NAME = "Webview Bridge";
				SWIFT_EMIT_LOC_STRINGS = YES;
				SWIFT_OBJC_BRIDGING_HEADER = "bridge/Bridge-Bridging-Header.h";
				SWIFT_VERSION = 5.0;
				TARGETED_DEVICE_FAMILY = 1;
			};
			name = Release;
		};
		578ED4C227510A4A00CB2763 /* Debug */ = {
			isa = XCBuildConfiguration;
			buildSettings = {
				ALWAYS_EMBED_SWIFT_STANDARD_LIBRARIES = YES;
				BUNDLE_LOADER = "$(TEST_HOST)";
				CODE_SIGN_STYLE = Automatic;
				CURRENT_PROJECT_VERSION = 1;
				DEVELOPMENT_TEAM = 2D9W47V4Q2;
				GENERATE_INFOPLIST_FILE = YES;
				IPHONEOS_DEPLOYMENT_TARGET = 15.0;
				LD_RUNPATH_SEARCH_PATHS = (
					"$(inherited)",
					"@executable_path/Frameworks",
					"@loader_path/Frameworks",
				);
				MARKETING_VERSION = 1.0;
				PRODUCT_BUNDLE_IDENTIFIER = test.webview.org.testTests;
				PRODUCT_NAME = "$(TARGET_NAME)";
				SWIFT_EMIT_LOC_STRINGS = NO;
				SWIFT_VERSION = 5.0;
				TARGETED_DEVICE_FAMILY = "1,2";
				TEST_HOST = "$(BUILT_PRODUCTS_DIR)/Bridge.app/Bridge";
			};
			name = Debug;
		};
		578ED4C327510A4A00CB2763 /* Release */ = {
			isa = XCBuildConfiguration;
			buildSettings = {
				ALWAYS_EMBED_SWIFT_STANDARD_LIBRARIES = YES;
				BUNDLE_LOADER = "$(TEST_HOST)";
				CODE_SIGN_STYLE = Automatic;
				CURRENT_PROJECT_VERSION = 1;
				DEVELOPMENT_TEAM = 2D9W47V4Q2;
				GENERATE_INFOPLIST_FILE = YES;
				IPHONEOS_DEPLOYMENT_TARGET = 15.0;
				LD_RUNPATH_SEARCH_PATHS = (
					"$(inherited)",
					"@executable_path/Frameworks",
					"@loader_path/Frameworks",
				);
				MARKETING_VERSION = 1.0;
				PRODUCT_BUNDLE_IDENTIFIER = test.webview.org.testTests;
				PRODUCT_NAME = "$(TARGET_NAME)";
				SWIFT_EMIT_LOC_STRINGS = NO;
				SWIFT_VERSION = 5.0;
				TARGETED_DEVICE_FAMILY = "1,2";
				TEST_HOST = "$(BUILT_PRODUCTS_DIR)/Bridge.app/Bridge";
			};
			name = Release;
		};
		578ED4C527510A4A00CB2763 /* Debug */ = {
			isa = XCBuildConfiguration;
			buildSettings = {
				ALWAYS_EMBED_SWIFT_STANDARD_LIBRARIES = YES;
				CODE_SIGN_STYLE = Automatic;
				CURRENT_PROJECT_VERSION = 1;
				DEVELOPMENT_TEAM = 2D9W47V4Q2;
				GENERATE_INFOPLIST_FILE = YES;
				LD_RUNPATH_SEARCH_PATHS = (
					"$(inherited)",
					"@executable_path/Frameworks",
					"@loader_path/Frameworks",
				);
				MARKETING_VERSION = 1.0;
				PRODUCT_BUNDLE_IDENTIFIER = test.webview.org.testUITests;
				PRODUCT_NAME = "$(TARGET_NAME)";
				SWIFT_EMIT_LOC_STRINGS = NO;
				SWIFT_VERSION = 5.0;
				TARGETED_DEVICE_FAMILY = "1,2";
				TEST_TARGET_NAME = test;
			};
			name = Debug;
		};
		578ED4C627510A4A00CB2763 /* Release */ = {
			isa = XCBuildConfiguration;
			buildSettings = {
				ALWAYS_EMBED_SWIFT_STANDARD_LIBRARIES = YES;
				CODE_SIGN_STYLE = Automatic;
				CURRENT_PROJECT_VERSION = 1;
				DEVELOPMENT_TEAM = 2D9W47V4Q2;
				GENERATE_INFOPLIST_FILE = YES;
				LD_RUNPATH_SEARCH_PATHS = (
					"$(inherited)",
					"@executable_path/Frameworks",
					"@loader_path/Frameworks",
				);
				MARKETING_VERSION = 1.0;
				PRODUCT_BUNDLE_IDENTIFIER = test.webview.org.testUITests;
				PRODUCT_NAME = "$(TARGET_NAME)";
				SWIFT_EMIT_LOC_STRINGS = NO;
				SWIFT_VERSION = 5.0;
				TARGETED_DEVICE_FAMILY = "1,2";
				TEST_TARGET_NAME = test;
			};
			name = Release;
		};
/* End XCBuildConfiguration section */

/* Begin XCConfigurationList section */
		578ED49527510A4900CB2763 /* Build configuration list for PBXProject "Bridge" */ = {
			isa = XCConfigurationList;
			buildConfigurations = (
				578ED4BC27510A4A00CB2763 /* Debug */,
				578ED4BD27510A4A00CB2763 /* Release */,
			);
			defaultConfigurationIsVisible = 0;
			defaultConfigurationName = Release;
		};
		578ED4BE27510A4A00CB2763 /* Build configuration list for PBXNativeTarget "Bridge" */ = {
			isa = XCConfigurationList;
			buildConfigurations = (
				578ED4BF27510A4A00CB2763 /* Debug */,
				578ED4C027510A4A00CB2763 /* Release */,
			);
			defaultConfigurationIsVisible = 0;
			defaultConfigurationName = Release;
		};
		578ED4C127510A4A00CB2763 /* Build configuration list for PBXNativeTarget "BridgeTests" */ = {
			isa = XCConfigurationList;
			buildConfigurations = (
				578ED4C227510A4A00CB2763 /* Debug */,
				578ED4C327510A4A00CB2763 /* Release */,
			);
			defaultConfigurationIsVisible = 0;
			defaultConfigurationName = Release;
		};
		578ED4C427510A4A00CB2763 /* Build configuration list for PBXNativeTarget "BridgeUITests" */ = {
			isa = XCConfigurationList;
			buildConfigurations = (
				578ED4C527510A4A00CB2763 /* Debug */,
				578ED4C627510A4A00CB2763 /* Release */,
			);
			defaultConfigurationIsVisible = 0;
			defaultConfigurationName = Release;
		};
/* End XCConfigurationList section */
	};
	rootObject = 578ED49227510A4900CB2763 /* Project object */;
}
